{
  "name": "Forex",
  "lockfileVersion": 2,
  "requires": true,
  "packages": {
    "": {
      "dependencies": {
        "lightweight-charts": "^4.0.1"
      }
    },
    "node_modules/fancy-canvas": {
      "version": "2.1.0",
      "resolved": "https://registry.npmjs.org/fancy-canvas/-/fancy-canvas-2.1.0.tgz",
      "integrity": "sha512-nifxXJ95JNLFR2NgRV4/MxVP45G9909wJTEKz5fg/TZS20JJZA6hfgRVh/bC9bwl2zBtBNcYPjiBE4njQHVBwQ=="
    },
    "node_modules/lightweight-charts": {
      "version": "4.0.1",
      "resolved": "https://registry.npmjs.org/lightweight-charts/-/lightweight-charts-4.0.1.tgz",
      "integrity": "sha512-p+j6w41PVzf9Vn7IrmpmCJacunpN0kKsl0IZoxMOySSkDcSagZ7Is9pb6pclIfN/usHdta0aYm9FktkYpAQe0g==",
      "dependencies": {
        "fancy-canvas": "2.1.0"
      }
    }
  },
  "dependencies": {
    "fancy-canvas": {
      "version": "2.1.0",
      "resolved": "https://registry.npmjs.org/fancy-canvas/-/fancy-canvas-2.1.0.tgz",
      "integrity": "sha512-nifxXJ95JNLFR2NgRV4/MxVP45G9909wJTEKz5fg/TZS20JJZA6hfgRVh/bC9bwl2zBtBNcYPjiBE4njQHVBwQ=="
    },
    "lightweight-charts": {
      "version": "4.0.1",
      "resolved": "https://registry.npmjs.org/lightweight-charts/-/lightweight-charts-4.0.1.tgz",
      "integrity": "sha512-p+j6w41PVzf9Vn7IrmpmCJacunpN0kKsl0IZoxMOySSkDcSagZ7Is9pb6pclIfN/usHdta0aYm9FktkYpAQe0g==",
      "requires": {
        "fancy-canvas": "2.1.0"
      }
    }
  }
}
